// !$*UTF8*$!
{
	archiveVersion = 1;
	classes = {
	};
	objectVersion = 46;
	objects = {

/* Begin PBXBuildFile section */
		AE2071491B6CC8ED003AD84D /* FoundationAnnex.h in Headers */ = {isa = PBXBuildFile; fileRef = AE2071481B6CC8ED003AD84D /* FoundationAnnex.h */; settings = {ATTRIBUTES = (Public, ); }; };
		AE20714F1B6CC8ED003AD84D /* FoundationAnnex.framework in Frameworks */ = {isa = PBXBuildFile; fileRef = AE2071441B6CC8ED003AD84D /* FoundationAnnex.framework */; };
		AE2071561B6CC8ED003AD84D /* FoundationAnnexTests.swift in Sources */ = {isa = PBXBuildFile; fileRef = AE2071551B6CC8ED003AD84D /* FoundationAnnexTests.swift */; };
		AE2071601B6CCB05003AD84D /* InputStreamHelper.swift in Sources */ = {isa = PBXBuildFile; fileRef = AE20715F1B6CCB05003AD84D /* InputStreamHelper.swift */; };
		AE2071AC1B6CD491003AD84D /* ErrorHelper.swift in Sources */ = {isa = PBXBuildFile; fileRef = AE2071AB1B6CD491003AD84D /* ErrorHelper.swift */; };
		AE2071AE1B6CE7DF003AD84D /* OutputStreamHelper.swift in Sources */ = {isa = PBXBuildFile; fileRef = AE2071AD1B6CE7DF003AD84D /* OutputStreamHelper.swift */; };
		AE2071B01B6DB948003AD84D /* StreamHelper.swift in Sources */ = {isa = PBXBuildFile; fileRef = AE2071AF1B6DB948003AD84D /* StreamHelper.swift */; };
		AE2071B21B6DB9FC003AD84D /* ErrorBuilder.swift in Sources */ = {isa = PBXBuildFile; fileRef = AE2071B11B6DB9FC003AD84D /* ErrorBuilder.swift */; };
		AE2071BD1B6DFD00003AD84D /* ErrorHandler.swift in Sources */ = {isa = PBXBuildFile; fileRef = AE2071BC1B6DFD00003AD84D /* ErrorHandler.swift */; };
		AEF76B9D1B775F4900814A63 /* NumericUtilities.swift in Sources */ = {isa = PBXBuildFile; fileRef = AEF76B9C1B775F4900814A63 /* NumericUtilities.swift */; };
/* End PBXBuildFile section */

/* Begin PBXContainerItemProxy section */
		AE2071501B6CC8ED003AD84D /* PBXContainerItemProxy */ = {
			isa = PBXContainerItemProxy;
			containerPortal = AE2070FC1B6CC89D003AD84D /* Project object */;
			proxyType = 1;
			remoteGlobalIDString = AE2071431B6CC8ED003AD84D;
			remoteInfo = FoundationAnnex;
		};
/* End PBXContainerItemProxy section */

/* Begin PBXFileReference section */
		AE2071441B6CC8ED003AD84D /* FoundationAnnex.framework */ = {isa = PBXFileReference; explicitFileType = wrapper.framework; includeInIndex = 0; path = FoundationAnnex.framework; sourceTree = BUILT_PRODUCTS_DIR; };
		AE2071471B6CC8ED003AD84D /* Info.plist */ = {isa = PBXFileReference; lastKnownFileType = text.plist.xml; path = Info.plist; sourceTree = "<group>"; };
		AE2071481B6CC8ED003AD84D /* FoundationAnnex.h */ = {isa = PBXFileReference; lastKnownFileType = sourcecode.c.h; path = FoundationAnnex.h; sourceTree = "<group>"; };
		AE20714E1B6CC8ED003AD84D /* FoundationAnnexTests.xctest */ = {isa = PBXFileReference; explicitFileType = wrapper.cfbundle; includeInIndex = 0; path = FoundationAnnexTests.xctest; sourceTree = BUILT_PRODUCTS_DIR; };
		AE2071541B6CC8ED003AD84D /* Info.plist */ = {isa = PBXFileReference; lastKnownFileType = text.plist.xml; path = Info.plist; sourceTree = "<group>"; };
		AE2071551B6CC8ED003AD84D /* FoundationAnnexTests.swift */ = {isa = PBXFileReference; lastKnownFileType = sourcecode.swift; path = FoundationAnnexTests.swift; sourceTree = "<group>"; };
		AE20715F1B6CCB05003AD84D /* InputStreamHelper.swift */ = {isa = PBXFileReference; fileEncoding = 4; lastKnownFileType = sourcecode.swift; path = InputStreamHelper.swift; sourceTree = "<group>"; };
		AE2071AB1B6CD491003AD84D /* ErrorHelper.swift */ = {isa = PBXFileReference; fileEncoding = 4; lastKnownFileType = sourcecode.swift; path = ErrorHelper.swift; sourceTree = "<group>"; };
		AE2071AD1B6CE7DF003AD84D /* OutputStreamHelper.swift */ = {isa = PBXFileReference; fileEncoding = 4; lastKnownFileType = sourcecode.swift; path = OutputStreamHelper.swift; sourceTree = "<group>"; };
		AE2071AF1B6DB948003AD84D /* StreamHelper.swift */ = {isa = PBXFileReference; fileEncoding = 4; lastKnownFileType = sourcecode.swift; path = StreamHelper.swift; sourceTree = "<group>"; };
		AE2071B11B6DB9FC003AD84D /* ErrorBuilder.swift */ = {isa = PBXFileReference; fileEncoding = 4; lastKnownFileType = sourcecode.swift; path = ErrorBuilder.swift; sourceTree = "<group>"; };
		AE2071BC1B6DFD00003AD84D /* ErrorHandler.swift */ = {isa = PBXFileReference; fileEncoding = 4; lastKnownFileType = sourcecode.swift; path = ErrorHandler.swift; sourceTree = "<group>"; };
		AEF76B9C1B775F4900814A63 /* NumericUtilities.swift */ = {isa = PBXFileReference; fileEncoding = 4; lastKnownFileType = sourcecode.swift; path = NumericUtilities.swift; sourceTree = "<group>"; };
/* End PBXFileReference section */

/* Begin PBXFrameworksBuildPhase section */
		AE2071401B6CC8ED003AD84D /* Frameworks */ = {
			isa = PBXFrameworksBuildPhase;
			buildActionMask = 2147483647;
			files = (
			);
			runOnlyForDeploymentPostprocessing = 0;
		};
		AE20714B1B6CC8ED003AD84D /* Frameworks */ = {
			isa = PBXFrameworksBuildPhase;
			buildActionMask = 2147483647;
			files = (
				AE20714F1B6CC8ED003AD84D /* FoundationAnnex.framework in Frameworks */,
			);
			runOnlyForDeploymentPostprocessing = 0;
		};
/* End PBXFrameworksBuildPhase section */

/* Begin PBXGroup section */
		AE2070FB1B6CC89D003AD84D = {
			isa = PBXGroup;
			children = (
				AE2071451B6CC8ED003AD84D /* FoundationAnnex */,
				AE2071521B6CC8ED003AD84D /* FoundationAnnexTests */,
				AE2071061B6CC89D003AD84D /* Products */,
			);
			sourceTree = "<group>";
		};
		AE2071061B6CC89D003AD84D /* Products */ = {
			isa = PBXGroup;
			children = (
				AE2071441B6CC8ED003AD84D /* FoundationAnnex.framework */,
				AE20714E1B6CC8ED003AD84D /* FoundationAnnexTests.xctest */,
			);
			name = Products;
			sourceTree = "<group>";
		};
		AE2071451B6CC8ED003AD84D /* FoundationAnnex */ = {
			isa = PBXGroup;
			children = (
				AE20715F1B6CCB05003AD84D /* InputStreamHelper.swift */,
				AE2071AD1B6CE7DF003AD84D /* OutputStreamHelper.swift */,
				AE2071BC1B6DFD00003AD84D /* ErrorHandler.swift */,
				AE2071B11B6DB9FC003AD84D /* ErrorBuilder.swift */,
				AE2071AB1B6CD491003AD84D /* ErrorHelper.swift */,
				AEF76B9C1B775F4900814A63 /* NumericUtilities.swift */,
				AE2071AF1B6DB948003AD84D /* StreamHelper.swift */,
				AE2071461B6CC8ED003AD84D /* Supporting Files */,
			);
			path = FoundationAnnex;
			sourceTree = "<group>";
		};
		AE2071461B6CC8ED003AD84D /* Supporting Files */ = {
			isa = PBXGroup;
			children = (
				AE2071481B6CC8ED003AD84D /* FoundationAnnex.h */,
				AE2071471B6CC8ED003AD84D /* Info.plist */,
			);
			name = "Supporting Files";
			sourceTree = "<group>";
		};
		AE2071521B6CC8ED003AD84D /* FoundationAnnexTests */ = {
			isa = PBXGroup;
			children = (
				AE2071551B6CC8ED003AD84D /* FoundationAnnexTests.swift */,
				AE2071531B6CC8ED003AD84D /* Supporting Files */,
			);
			path = FoundationAnnexTests;
			sourceTree = "<group>";
		};
		AE2071531B6CC8ED003AD84D /* Supporting Files */ = {
			isa = PBXGroup;
			children = (
				AE2071541B6CC8ED003AD84D /* Info.plist */,
			);
			name = "Supporting Files";
			sourceTree = "<group>";
		};
/* End PBXGroup section */

/* Begin PBXHeadersBuildPhase section */
		AE2071411B6CC8ED003AD84D /* Headers */ = {
			isa = PBXHeadersBuildPhase;
			buildActionMask = 2147483647;
			files = (
				AE2071491B6CC8ED003AD84D /* FoundationAnnex.h in Headers */,
			);
			runOnlyForDeploymentPostprocessing = 0;
		};
/* End PBXHeadersBuildPhase section */

/* Begin PBXNativeTarget section */
		AE2071431B6CC8ED003AD84D /* FoundationAnnex */ = {
			isa = PBXNativeTarget;
			buildConfigurationList = AE2071571B6CC8ED003AD84D /* Build configuration list for PBXNativeTarget "FoundationAnnex" */;
			buildPhases = (
				AE20713F1B6CC8ED003AD84D /* Sources */,
				AE2071401B6CC8ED003AD84D /* Frameworks */,
				AE2071411B6CC8ED003AD84D /* Headers */,
				AE2071421B6CC8ED003AD84D /* Resources */,
			);
			buildRules = (
			);
			dependencies = (
			);
			name = FoundationAnnex;
			productName = FoundationAnnex;
			productReference = AE2071441B6CC8ED003AD84D /* FoundationAnnex.framework */;
			productType = "com.apple.product-type.framework";
		};
		AE20714D1B6CC8ED003AD84D /* FoundationAnnexTests */ = {
			isa = PBXNativeTarget;
			buildConfigurationList = AE20715A1B6CC8ED003AD84D /* Build configuration list for PBXNativeTarget "FoundationAnnexTests" */;
			buildPhases = (
				AE20714A1B6CC8ED003AD84D /* Sources */,
				AE20714B1B6CC8ED003AD84D /* Frameworks */,
				AE20714C1B6CC8ED003AD84D /* Resources */,
			);
			buildRules = (
			);
			dependencies = (
				AE2071511B6CC8ED003AD84D /* PBXTargetDependency */,
			);
			name = FoundationAnnexTests;
			productName = FoundationAnnexTests;
			productReference = AE20714E1B6CC8ED003AD84D /* FoundationAnnexTests.xctest */;
			productType = "com.apple.product-type.bundle.unit-test";
		};
/* End PBXNativeTarget section */

/* Begin PBXProject section */
		AE2070FC1B6CC89D003AD84D /* Project object */ = {
			isa = PBXProject;
			attributes = {
				LastUpgradeCheck = 0640;
				ORGANIZATIONNAME = "";
				TargetAttributes = {
					AE2071431B6CC8ED003AD84D = {
						CreatedOnToolsVersion = 6.4;
					};
					AE20714D1B6CC8ED003AD84D = {
						CreatedOnToolsVersion = 6.4;
					};
				};
			};
			buildConfigurationList = AE2070FF1B6CC89D003AD84D /* Build configuration list for PBXProject "FoundationAnnexOsx" */;
			compatibilityVersion = "Xcode 3.2";
			developmentRegion = English;
			hasScannedForEncodings = 0;
			knownRegions = (
				en,
			);
			mainGroup = AE2070FB1B6CC89D003AD84D;
			productRefGroup = AE2071061B6CC89D003AD84D /* Products */;
			projectDirPath = "";
			projectRoot = "";
			targets = (
				AE2071431B6CC8ED003AD84D /* FoundationAnnex */,
				AE20714D1B6CC8ED003AD84D /* FoundationAnnexTests */,
			);
		};
/* End PBXProject section */

/* Begin PBXResourcesBuildPhase section */
		AE2071421B6CC8ED003AD84D /* Resources */ = {
			isa = PBXResourcesBuildPhase;
			buildActionMask = 2147483647;
			files = (
			);
			runOnlyForDeploymentPostprocessing = 0;
		};
		AE20714C1B6CC8ED003AD84D /* Resources */ = {
			isa = PBXResourcesBuildPhase;
			buildActionMask = 2147483647;
			files = (
			);
			runOnlyForDeploymentPostprocessing = 0;
		};
/* End PBXResourcesBuildPhase section */

/* Begin PBXSourcesBuildPhase section */
		AE20713F1B6CC8ED003AD84D /* Sources */ = {
			isa = PBXSourcesBuildPhase;
			buildActionMask = 2147483647;
			files = (
				AEF76B9D1B775F4900814A63 /* NumericUtilities.swift in Sources */,
				AE2071AC1B6CD491003AD84D /* ErrorHelper.swift in Sources */,
				AE2071B21B6DB9FC003AD84D /* ErrorBuilder.swift in Sources */,
				AE2071B01B6DB948003AD84D /* StreamHelper.swift in Sources */,
				AE2071BD1B6DFD00003AD84D /* ErrorHandler.swift in Sources */,
				AE2071601B6CCB05003AD84D /* InputStreamHelper.swift in Sources */,
				AE2071AE1B6CE7DF003AD84D /* OutputStreamHelper.swift in Sources */,
			);
			runOnlyForDeploymentPostprocessing = 0;
		};
		AE20714A1B6CC8ED003AD84D /* Sources */ = {
			isa = PBXSourcesBuildPhase;
			buildActionMask = 2147483647;
			files = (
				AE2071561B6CC8ED003AD84D /* FoundationAnnexTests.swift in Sources */,
			);
			runOnlyForDeploymentPostprocessing = 0;
		};
/* End PBXSourcesBuildPhase section */

/* Begin PBXTargetDependency section */
		AE2071511B6CC8ED003AD84D /* PBXTargetDependency */ = {
			isa = PBXTargetDependency;
			target = AE2071431B6CC8ED003AD84D /* FoundationAnnex */;
			targetProxy = AE2071501B6CC8ED003AD84D /* PBXContainerItemProxy */;
		};
/* End PBXTargetDependency section */

/* Begin XCBuildConfiguration section */
		AE2071191B6CC89D003AD84D /* Debug */ = {
			isa = XCBuildConfiguration;
			buildSettings = {
				ALWAYS_SEARCH_USER_PATHS = NO;
				CLANG_CXX_LANGUAGE_STANDARD = "gnu++0x";
				CLANG_CXX_LIBRARY = "libc++";
				CLANG_ENABLE_MODULES = YES;
				CLANG_ENABLE_OBJC_ARC = YES;
				CLANG_WARN_BOOL_CONVERSION = YES;
				CLANG_WARN_CONSTANT_CONVERSION = YES;
				CLANG_WARN_DIRECT_OBJC_ISA_USAGE = YES_ERROR;
				CLANG_WARN_EMPTY_BODY = YES;
				CLANG_WARN_ENUM_CONVERSION = YES;
				CLANG_WARN_INT_CONVERSION = YES;
				CLANG_WARN_OBJC_ROOT_CLASS = YES_ERROR;
				CLANG_WARN_UNREACHABLE_CODE = YES;
				CLANG_WARN__DUPLICATE_METHOD_MATCH = YES;
				COPY_PHASE_STRIP = NO;
				CURRENT_PROJECT_VERSION = 1;
				DEBUG_INFORMATION_FORMAT = dwarf;
				ENABLE_STRICT_OBJC_MSGSEND = YES;
				GCC_C_LANGUAGE_STANDARD = gnu99;
				GCC_DYNAMIC_NO_PIC = NO;
				GCC_NO_COMMON_BLOCKS = YES;
				GCC_OPTIMIZATION_LEVEL = 0;
				GCC_PREPROCESSOR_DEFINITIONS = (
					"DEBUG=1",
					"$(inherited)",
				);
				GCC_SYMBOLS_PRIVATE_EXTERN = NO;
				GCC_WARN_64_TO_32_BIT_CONVERSION = YES;
				GCC_WARN_ABOUT_RETURN_TYPE = YES_ERROR;
				GCC_WARN_UNDECLARED_SELECTOR = YES;
				GCC_WARN_UNINITIALIZED_AUTOS = YES_AGGRESSIVE;
				GCC_WARN_UNUSED_FUNCTION = YES;
				GCC_WARN_UNUSED_VARIABLE = YES;
				MACOSX_DEPLOYMENT_TARGET = 10.10;
				MTL_ENABLE_DEBUG_INFO = YES;
				ONLY_ACTIVE_ARCH = YES;
				SDKROOT = macosx;
				SWIFT_OBJC_BRIDGING_HEADER = "";
				SWIFT_OPTIMIZATION_LEVEL = "-Onone";
				VERSIONING_SYSTEM = "apple-generic";
				VERSION_INFO_PREFIX = "";
			};
			name = Debug;
		};
		AE20711A1B6CC89D003AD84D /* Release */ = {
			isa = XCBuildConfiguration;
			buildSettings = {
				ALWAYS_SEARCH_USER_PATHS = NO;
				CLANG_CXX_LANGUAGE_STANDARD = "gnu++0x";
				CLANG_CXX_LIBRARY = "libc++";
				CLANG_ENABLE_MODULES = YES;
				CLANG_ENABLE_OBJC_ARC = YES;
				CLANG_WARN_BOOL_CONVERSION = YES;
				CLANG_WARN_CONSTANT_CONVERSION = YES;
				CLANG_WARN_DIRECT_OBJC_ISA_USAGE = YES_ERROR;
				CLANG_WARN_EMPTY_BODY = YES;
				CLANG_WARN_ENUM_CONVERSION = YES;
				CLANG_WARN_INT_CONVERSION = YES;
				CLANG_WARN_OBJC_ROOT_CLASS = YES_ERROR;
				CLANG_WARN_UNREACHABLE_CODE = YES;
				CLANG_WARN__DUPLICATE_METHOD_MATCH = YES;
				COPY_PHASE_STRIP = NO;
				CURRENT_PROJECT_VERSION = 1;
				DEBUG_INFORMATION_FORMAT = "dwarf-with-dsym";
				ENABLE_NS_ASSERTIONS = NO;
				ENABLE_STRICT_OBJC_MSGSEND = YES;
				GCC_C_LANGUAGE_STANDARD = gnu99;
				GCC_NO_COMMON_BLOCKS = YES;
				GCC_WARN_64_TO_32_BIT_CONVERSION = YES;
				GCC_WARN_ABOUT_RETURN_TYPE = YES_ERROR;
				GCC_WARN_UNDECLARED_SELECTOR = YES;
				GCC_WARN_UNINITIALIZED_AUTOS = YES_AGGRESSIVE;
				GCC_WARN_UNUSED_FUNCTION = YES;
				GCC_WARN_UNUSED_VARIABLE = YES;
				MACOSX_DEPLOYMENT_TARGET = 10.10;
				MTL_ENABLE_DEBUG_INFO = NO;
				SDKROOT = macosx;
				SWIFT_OBJC_BRIDGING_HEADER = "";
				VERSIONING_SYSTEM = "apple-generic";
				VERSION_INFO_PREFIX = "";
			};
			name = Release;
		};
		AE2071581B6CC8ED003AD84D /* Debug */ = {
			isa = XCBuildConfiguration;
			buildSettings = {
				CLANG_ENABLE_MODULES = YES;
				COMBINE_HIDPI_IMAGES = YES;
				DEFINES_MODULE = YES;
				DYLIB_COMPATIBILITY_VERSION = 1;
				DYLIB_CURRENT_VERSION = 1;
				DYLIB_INSTALL_NAME_BASE = "@rpath";
				FRAMEWORK_VERSION = A;
				GCC_PREPROCESSOR_DEFINITIONS = (
					"DEBUG=1",
					"$(inherited)",
				);
				INFOPLIST_FILE = FoundationAnnex/Info.plist;
				INSTALL_PATH = "$(LOCAL_LIBRARY_DIR)/Frameworks";
				LD_RUNPATH_SEARCH_PATHS = "$(inherited) @executable_path/../Frameworks @loader_path/Frameworks";
				PRODUCT_NAME = "$(TARGET_NAME)";
				SKIP_INSTALL = YES;
				SWIFT_OPTIMIZATION_LEVEL = "-Onone";
			};
			name = Debug;
		};
		AE2071591B6CC8ED003AD84D /* Release */ = {
			isa = XCBuildConfiguration;
			buildSettings = {
				CLANG_ENABLE_MODULES = YES;
				COMBINE_HIDPI_IMAGES = YES;
				DEFINES_MODULE = YES;
				DYLIB_COMPATIBILITY_VERSION = 1;
				DYLIB_CURRENT_VERSION = 1;
				DYLIB_INSTALL_NAME_BASE = "@rpath";
				FRAMEWORK_VERSION = A;
				INFOPLIST_FILE = FoundationAnnex/Info.plist;
				INSTALL_PATH = "$(LOCAL_LIBRARY_DIR)/Frameworks";
				LD_RUNPATH_SEARCH_PATHS = "$(inherited) @executable_path/../Frameworks @loader_path/Frameworks";
				PRODUCT_NAME = "$(TARGET_NAME)";
				SKIP_INSTALL = YES;
			};
			name = Release;
		};
		AE20715B1B6CC8ED003AD84D /* Debug */ = {
			isa = XCBuildConfiguration;
			buildSettings = {
				COMBINE_HIDPI_IMAGES = YES;
				FRAMEWORK_SEARCH_PATHS = (
					"$(DEVELOPER_FRAMEWORKS_DIR)",
					"$(inherited)",
				);
				GCC_PREPROCESSOR_DEFINITIONS = (
					"DEBUG=1",
					"$(inherited)",
				);
				INFOPLIST_FILE = FoundationAnnexTests/Info.plist;
				LD_RUNPATH_SEARCH_PATHS = "$(inherited) @executable_path/../Frameworks @loader_path/../Frameworks";
				PRODUCT_NAME = "$(TARGET_NAME)";
			};
			name = Debug;
		};
		AE20715C1B6CC8ED003AD84D /* Release */ = {
			isa = XCBuildConfiguration;
			buildSettings = {
				COMBINE_HIDPI_IMAGES = YES;
				FRAMEWORK_SEARCH_PATHS = (
					"$(DEVELOPER_FRAMEWORKS_DIR)",
					"$(inherited)",
				);
				INFOPLIST_FILE = FoundationAnnexTests/Info.plist;
				LD_RUNPATH_SEARCH_PATHS = "$(inherited) @executable_path/../Frameworks @loader_path/../Frameworks";
				PRODUCT_NAME = "$(TARGET_NAME)";
			};
			name = Release;
		};
/* End XCBuildConfiguration section */

/* Begin XCConfigurationList section */
		AE2070FF1B6CC89D003AD84D /* Build configuration list for PBXProject "FoundationAnnexOsx" */ = {
			isa = XCConfigurationList;
			buildConfigurations = (
				AE2071191B6CC89D003AD84D /* Debug */,
				AE20711A1B6CC89D003AD84D /* Release */,
			);
			defaultConfigurationIsVisible = 0;
			defaultConfigurationName = Release;
		};
		AE2071571B6CC8ED003AD84D /* Build configuration list for PBXNativeTarget "FoundationAnnex" */ = {
			isa = XCConfigurationList;
			buildConfigurations = (
				AE2071581B6CC8ED003AD84D /* Debug */,
				AE2071591B6CC8ED003AD84D /* Release */,
			);
			defaultConfigurationIsVisible = 0;
			defaultConfigurationName = Release;
		};
		AE20715A1B6CC8ED003AD84D /* Build configuration list for PBXNativeTarget "FoundationAnnexTests" */ = {
			isa = XCConfigurationList;
			buildConfigurations = (
				AE20715B1B6CC8ED003AD84D /* Debug */,
				AE20715C1B6CC8ED003AD84D /* Release */,
			);
			defaultConfigurationIsVisible = 0;
			defaultConfigurationName = Release;
		};
/* End XCConfigurationList section */
	};
	rootObject = AE2070FC1B6CC89D003AD84D /* Project object */;
}
